
Microsoft Visual Studio Solution File, Format Version 12.00
# Visual Studio Version 16
VisualStudioVersion = 16.0.29728.190
MinimumVisualStudioVersion = 10.0.40219.1
Project("{FAE04EC0-301F-11D3-BF4B-00C04F79EFBC}") = "VSAssignment.Website", "VSAssignment.Website\VSAssignment.Website.csproj", "{972A85A4-0DB1-4207-A25E-DAB1246C5E5D}"
EndProject
Global
	GlobalSection(SolutionConfigurationPlatforms) = preSolution
		Debug|Any CPU = Debug|Any CPU
		Release|Any CPU = Release|Any CPU
	EndGlobalSection
	GlobalSection(ProjectConfigurationPlatforms) = postSolution
		{972A85A4-0DB1-4207-A25E-DAB1246C5E5D}.Debug|Any CPU.ActiveCfg = Debug|Any CPU
		{972A85A4-0DB1-4207-A25E-DAB1246C5E5D}.Debug|Any CPU.Build.0 = Debug|Any CPU
		{972A85A4-0DB1-4207-A25E-DAB1246C5E5D}.Release|Any CPU.ActiveCfg = Release|Any CPU
		{972A85A4-0DB1-4207-A25E-DAB1246C5E5D}.Release|Any CPU.Build.0 = Release|Any CPU
	EndGlobalSection
	GlobalSection(SolutionProperties) = preSolution
		HideSolutionNode = FALSE
	EndGlobalSection
	GlobalSection(ExtensibilityGlobals) = postSolution
		SolutionGuid = {3F15EF81-C2BD-4BCB-BE45-842C5D63F74F}
	EndGlobalSection
EndGlobal
